
Microsoft Visual Studio Solution File, Format Version 12.00
# Visual Studio 2012
Project("{FAE04EC0-301F-11D3-BF4B-00C04F79EFBC}") = "QuickDmx", "QuickDmx\QuickDmx.csproj", "{FF865756-5E9B-4DAE-AC4C-F27161381E84}"
EndProject
Project("{FAE04EC0-301F-11D3-BF4B-00C04F79EFBC}") = "QuickDmx.Tests", "QuickDmx.Tests\QuickDmx.Tests.csproj", "{C40470A6-62A2-4B0F-B7CE-99176A0A6312}"
EndProject
Global
	GlobalSection(TeamFoundationVersionControl) = preSolution
		SccNumberOfProjects = 3
		SccEnterpriseProvider = {4CA58AB2-18FA-4F8D-95D4-32DDF27D184C}
		SccTeamFoundationServer = https://tfs.codeplex.com/tfs/tfs37
		SccLocalPath0 = .
		SccProjectUniqueName1 = QuickDmx.Tests\\QuickDmx.Tests.csproj
		SccProjectName1 = QuickDmx.Tests
		SccLocalPath1 = QuickDmx.Tests
		SccProjectUniqueName2 = QuickDmx\\QuickDmx.csproj
		SccProjectName2 = QuickDmx
		SccLocalPath2 = QuickDmx
	EndGlobalSection
	GlobalSection(SolutionConfigurationPlatforms) = preSolution
		Debug|Any CPU = Debug|Any CPU
		Release|Any CPU = Release|Any CPU
	EndGlobalSection
	GlobalSection(ProjectConfigurationPlatforms) = postSolution
		{FF865756-5E9B-4DAE-AC4C-F27161381E84}.Debug|Any CPU.ActiveCfg = Debug|Any CPU
		{FF865756-5E9B-4DAE-AC4C-F27161381E84}.Debug|Any CPU.Build.0 = Debug|Any CPU
		{FF865756-5E9B-4DAE-AC4C-F27161381E84}.Release|Any CPU.ActiveCfg = Release|Any CPU
		{FF865756-5E9B-4DAE-AC4C-F27161381E84}.Release|Any CPU.Build.0 = Release|Any CPU
		{C40470A6-62A2-4B0F-B7CE-99176A0A6312}.Debug|Any CPU.ActiveCfg = Debug|Any CPU
		{C40470A6-62A2-4B0F-B7CE-99176A0A6312}.Debug|Any CPU.Build.0 = Debug|Any CPU
		{C40470A6-62A2-4B0F-B7CE-99176A0A6312}.Release|Any CPU.ActiveCfg = Release|Any CPU
		{C40470A6-62A2-4B0F-B7CE-99176A0A6312}.Release|Any CPU.Build.0 = Release|Any CPU
	EndGlobalSection
	GlobalSection(SolutionProperties) = preSolution
		HideSolutionNode = FALSE
	EndGlobalSection
EndGlobal
